version: 2.0
shards:
  exception_page:
    git: https://github.com/crystal-loot/exception_page.git
    version: 0.1.4

  kemal:
    git: https://github.com/kemalcr/kemal.git
    version: 0.27.0

  kilt:
    git: https://github.com/jeromegn/kilt.git
    version: 0.4.0

  pool:
    git: https://github.com/ysbaddaden/pool.git
    version: 0.2.3

  radix:
    git: https://github.com/luislavena/radix.git
    version: 0.3.9

  redis:
    git: https://github.com/stefanwille/crystal-redis.git
    version: 2.6.0

  sanitize:
    git: https://github.com/straight-shoota/sanitize.git
    version: 0.1.0+git.commit.38c73669b274b77020025562549c6abf026001c6

